// !$*UTF8*$!
{
	archiveVersion = 1;
	classes = {
	};
	objectVersion = 50;
	objects = {

/* Begin PBXBuildFile section */
		EAAC91D220E4A0C7003A73DB /* AppDelegate.swift in Sources */ = {isa = PBXBuildFile; fileRef = EAAC91D120E4A0C7003A73DB /* AppDelegate.swift */; };
		EAAC91D420E4A0C7003A73DB /* ViewController.swift in Sources */ = {isa = PBXBuildFile; fileRef = EAAC91D320E4A0C7003A73DB /* ViewController.swift */; };
		EAAC91D720E4A0C7003A73DB /* Main.storyboard in Resources */ = {isa = PBXBuildFile; fileRef = EAAC91D520E4A0C7003A73DB /* Main.storyboard */; };
		EAAC91D920E4A0D7003A73DB /* Assets.xcassets in Resources */ = {isa = PBXBuildFile; fileRef = EAAC91D820E4A0D7003A73DB /* Assets.xcassets */; };
		EAAC91DC20E4A0D7003A73DB /* LaunchScreen.storyboard in Resources */ = {isa = PBXBuildFile; fileRef = EAAC91DA20E4A0D7003A73DB /* LaunchScreen.storyboard */; };
		EAAC91E720E4A0D8003A73DB /* FlappyBirdTests.swift in Sources */ = {isa = PBXBuildFile; fileRef = EAAC91E620E4A0D8003A73DB /* FlappyBirdTests.swift */; };
		EAAC91F220E4A0D8003A73DB /* FlappyBirdUITests.swift in Sources */ = {isa = PBXBuildFile; fileRef = EAAC91F120E4A0D8003A73DB /* FlappyBirdUITests.swift */; };
		EAAC920020E4A4DD003A73DB /* GameScene.swift in Sources */ = {isa = PBXBuildFile; fileRef = EAAC91FF20E4A4DD003A73DB /* GameScene.swift */; };
/* End PBXBuildFile section */

/* Begin PBXContainerItemProxy section */
		EAAC91E320E4A0D8003A73DB /* PBXContainerItemProxy */ = {
			isa = PBXContainerItemProxy;
			containerPortal = EAAC91C620E4A0C6003A73DB /* Project object */;
			proxyType = 1;
			remoteGlobalIDString = EAAC91CD20E4A0C7003A73DB;
			remoteInfo = FlappyBird;
		};
		EAAC91EE20E4A0D8003A73DB /* PBXContainerItemProxy */ = {
			isa = PBXContainerItemProxy;
			containerPortal = EAAC91C620E4A0C6003A73DB /* Project object */;
			proxyType = 1;
			remoteGlobalIDString = EAAC91CD20E4A0C7003A73DB;
			remoteInfo = FlappyBird;
		};
/* End PBXContainerItemProxy section */

/* Begin PBXFileReference section */
		EAAC91CE20E4A0C7003A73DB /* FlappyBird.app */ = {isa = PBXFileReference; explicitFileType = wrapper.application; includeInIndex = 0; path = FlappyBird.app; sourceTree = BUILT_PRODUCTS_DIR; };
		EAAC91D120E4A0C7003A73DB /* AppDelegate.swift */ = {isa = PBXFileReference; lastKnownFileType = sourcecode.swift; path = AppDelegate.swift; sourceTree = "<group>"; };
		EAAC91D320E4A0C7003A73DB /* ViewController.swift */ = {isa = PBXFileReference; lastKnownFileType = sourcecode.swift; path = ViewController.swift; sourceTree = "<group>"; };
		EAAC91D620E4A0C7003A73DB /* Base */ = {isa = PBXFileReference; lastKnownFileType = file.storyboard; name = Base; path = Base.lproj/Main.storyboard; sourceTree = "<group>"; };
		EAAC91D820E4A0D7003A73DB /* Assets.xcassets */ = {isa = PBXFileReference; lastKnownFileType = folder.assetcatalog; path = Assets.xcassets; sourceTree = "<group>"; };
		EAAC91DB20E4A0D7003A73DB /* Base */ = {isa = PBXFileReference; lastKnownFileType = file.storyboard; name = Base; path = Base.lproj/LaunchScreen.storyboard; sourceTree = "<group>"; };
		EAAC91DD20E4A0D7003A73DB /* Info.plist */ = {isa = PBXFileReference; lastKnownFileType = text.plist.xml; path = Info.plist; sourceTree = "<group>"; };
		EAAC91E220E4A0D8003A73DB /* FlappyBirdTests.xctest */ = {isa = PBXFileReference; explicitFileType = wrapper.cfbundle; includeInIndex = 0; path = FlappyBirdTests.xctest; sourceTree = BUILT_PRODUCTS_DIR; };
		EAAC91E620E4A0D8003A73DB /* FlappyBirdTests.swift */ = {isa = PBXFileReference; lastKnownFileType = sourcecode.swift; path = FlappyBirdTests.swift; sourceTree = "<group>"; };
		EAAC91E820E4A0D8003A73DB /* Info.plist */ = {isa = PBXFileReference; lastKnownFileType = text.plist.xml; path = Info.plist; sourceTree = "<group>"; };
		EAAC91ED20E4A0D8003A73DB /* FlappyBirdUITests.xctest */ = {isa = PBXFileReference; explicitFileType = wrapper.cfbundle; includeInIndex = 0; path = FlappyBirdUITests.xctest; sourceTree = BUILT_PRODUCTS_DIR; };
		EAAC91F120E4A0D8003A73DB /* FlappyBirdUITests.swift */ = {isa = PBXFileReference; lastKnownFileType = sourcecode.swift; path = FlappyBirdUITests.swift; sourceTree = "<group>"; };
		EAAC91F320E4A0D8003A73DB /* Info.plist */ = {isa = PBXFileReference; lastKnownFileType = text.plist.xml; path = Info.plist; sourceTree = "<group>"; };
		EAAC91FF20E4A4DD003A73DB /* GameScene.swift */ = {isa = PBXFileReference; lastKnownFileType = sourcecode.swift; path = GameScene.swift; sourceTree = "<group>"; };
/* End PBXFileReference section */

/* Begin PBXFrameworksBuildPhase section */
		EAAC91CB20E4A0C7003A73DB /* Frameworks */ = {
			isa = PBXFrameworksBuildPhase;
			buildActionMask = 2147483647;
			files = (
			);
			runOnlyForDeploymentPostprocessing = 0;
		};
		EAAC91DF20E4A0D8003A73DB /* Frameworks */ = {
			isa = PBXFrameworksBuildPhase;
			buildActionMask = 2147483647;
			files = (
			);
			runOnlyForDeploymentPostprocessing = 0;
		};
		EAAC91EA20E4A0D8003A73DB /* Frameworks */ = {
			isa = PBXFrameworksBuildPhase;
			buildActionMask = 2147483647;
			files = (
			);
			runOnlyForDeploymentPostprocessing = 0;
		};
/* End PBXFrameworksBuildPhase section */

/* Begin PBXGroup section */
		EAAC91C520E4A0C6003A73DB = {
			isa = PBXGroup;
			children = (
				EAAC91FF20E4A4DD003A73DB /* GameScene.swift */,
				EAAC91D020E4A0C7003A73DB /* FlappyBird */,
				EAAC91E520E4A0D8003A73DB /* FlappyBirdTests */,
				EAAC91F020E4A0D8003A73DB /* FlappyBirdUITests */,
				EAAC91CF20E4A0C7003A73DB /* Products */,
			);
			sourceTree = "<group>";
		};
		EAAC91CF20E4A0C7003A73DB /* Products */ = {
			isa = PBXGroup;
			children = (
				EAAC91CE20E4A0C7003A73DB /* FlappyBird.app */,
				EAAC91E220E4A0D8003A73DB /* FlappyBirdTests.xctest */,
				EAAC91ED20E4A0D8003A73DB /* FlappyBirdUITests.xctest */,
			);
			name = Products;
			sourceTree = "<group>";
		};
		EAAC91D020E4A0C7003A73DB /* FlappyBird */ = {
			isa = PBXGroup;
			children = (
				EAAC91D120E4A0C7003A73DB /* AppDelegate.swift */,
				EAAC91D320E4A0C7003A73DB /* ViewController.swift */,
				EAAC91D520E4A0C7003A73DB /* Main.storyboard */,
				EAAC91D820E4A0D7003A73DB /* Assets.xcassets */,
				EAAC91DA20E4A0D7003A73DB /* LaunchScreen.storyboard */,
				EAAC91DD20E4A0D7003A73DB /* Info.plist */,
			);
			path = FlappyBird;
			sourceTree = "<group>";
		};
		EAAC91E520E4A0D8003A73DB /* FlappyBirdTests */ = {
			isa = PBXGroup;
			children = (
				EAAC91E620E4A0D8003A73DB /* FlappyBirdTests.swift */,
				EAAC91E820E4A0D8003A73DB /* Info.plist */,
			);
			path = FlappyBirdTests;
			sourceTree = "<group>";
		};
		EAAC91F020E4A0D8003A73DB /* FlappyBirdUITests */ = {
			isa = PBXGroup;
			children = (
				EAAC91F120E4A0D8003A73DB /* FlappyBirdUITests.swift */,
				EAAC91F320E4A0D8003A73DB /* Info.plist */,
			);
			path = FlappyBirdUITests;
			sourceTree = "<group>";
		};
/* End PBXGroup section */

/* Begin PBXNativeTarget section */
		EAAC91CD20E4A0C7003A73DB /* FlappyBird */ = {
			isa = PBXNativeTarget;
			buildConfigurationList = EAAC91F620E4A0D8003A73DB /* Build configuration list for PBXNativeTarget "FlappyBird" */;
			buildPhases = (
				EAAC91CA20E4A0C7003A73DB /* Sources */,
				EAAC91CB20E4A0C7003A73DB /* Frameworks */,
				EAAC91CC20E4A0C7003A73DB /* Resources */,
			);
			buildRules = (
			);
			dependencies = (
			);
			name = FlappyBird;
			productName = FlappyBird;
			productReference = EAAC91CE20E4A0C7003A73DB /* FlappyBird.app */;
			productType = "com.apple.product-type.application";
		};
		EAAC91E120E4A0D8003A73DB /* FlappyBirdTests */ = {
			isa = PBXNativeTarget;
			buildConfigurationList = EAAC91F920E4A0D8003A73DB /* Build configuration list for PBXNativeTarget "FlappyBirdTests" */;
			buildPhases = (
				EAAC91DE20E4A0D8003A73DB /* Sources */,
				EAAC91DF20E4A0D8003A73DB /* Frameworks */,
				EAAC91E020E4A0D8003A73DB /* Resources */,
			);
			buildRules = (
			);
			dependencies = (
				EAAC91E420E4A0D8003A73DB /* PBXTargetDependency */,
			);
			name = FlappyBirdTests;
			productName = FlappyBirdTests;
			productReference = EAAC91E220E4A0D8003A73DB /* FlappyBirdTests.xctest */;
			productType = "com.apple.product-type.bundle.unit-test";
		};
		EAAC91EC20E4A0D8003A73DB /* FlappyBirdUITests */ = {
			isa = PBXNativeTarget;
			buildConfigurationList = EAAC91FC20E4A0D8003A73DB /* Build configuration list for PBXNativeTarget "FlappyBirdUITests" */;
			buildPhases = (
				EAAC91E920E4A0D8003A73DB /* Sources */,
				EAAC91EA20E4A0D8003A73DB /* Frameworks */,
				EAAC91EB20E4A0D8003A73DB /* Resources */,
			);
			buildRules = (
			);
			dependencies = (
				EAAC91EF20E4A0D8003A73DB /* PBXTargetDependency */,
			);
			name = FlappyBirdUITests;
			productName = FlappyBirdUITests;
			productReference = EAAC91ED20E4A0D8003A73DB /* FlappyBirdUITests.xctest */;
			productType = "com.apple.product-type.bundle.ui-testing";
		};
/* End PBXNativeTarget section */

/* Begin PBXProject section */
		EAAC91C620E4A0C6003A73DB /* Project object */ = {
			isa = PBXProject;
			attributes = {
				LastSwiftUpdateCheck = 0930;
				LastUpgradeCheck = 0930;
				ORGANIZATIONNAME = "西嶋 信吾";
				TargetAttributes = {
					EAAC91CD20E4A0C7003A73DB = {
						CreatedOnToolsVersion = 9.3;
					};
					EAAC91E120E4A0D8003A73DB = {
						CreatedOnToolsVersion = 9.3;
						TestTargetID = EAAC91CD20E4A0C7003A73DB;
					};
					EAAC91EC20E4A0D8003A73DB = {
						CreatedOnToolsVersion = 9.3;
						TestTargetID = EAAC91CD20E4A0C7003A73DB;
					};
				};
			};
			buildConfigurationList = EAAC91C920E4A0C7003A73DB /* Build configuration list for PBXProject "FlappyBird" */;
			compatibilityVersion = "Xcode 9.3";
			developmentRegion = en;
			hasScannedForEncodings = 0;
			knownRegions = (
				en,
				Base,
			);
			mainGroup = EAAC91C520E4A0C6003A73DB;
			productRefGroup = EAAC91CF20E4A0C7003A73DB /* Products */;
			projectDirPath = "";
			projectRoot = "";
			targets = (
				EAAC91CD20E4A0C7003A73DB /* FlappyBird */,
				EAAC91E120E4A0D8003A73DB /* FlappyBirdTests */,
				EAAC91EC20E4A0D8003A73DB /* FlappyBirdUITests */,
			);
		};
/* End PBXProject section */

/* Begin PBXResourcesBuildPhase section */
		EAAC91CC20E4A0C7003A73DB /* Resources */ = {
			isa = PBXResourcesBuildPhase;
			buildActionMask = 2147483647;
			files = (
				EAAC91DC20E4A0D7003A73DB /* LaunchScreen.storyboard in Resources */,
				EAAC91D920E4A0D7003A73DB /* Assets.xcassets in Resources */,
				EAAC91D720E4A0C7003A73DB /* Main.storyboard in Resources */,
			);
			runOnlyForDeploymentPostprocessing = 0;
		};
		EAAC91E020E4A0D8003A73DB /* Resources */ = {
			isa = PBXResourcesBuildPhase;
			buildActionMask = 2147483647;
			files = (
			);
			runOnlyForDeploymentPostprocessing = 0;
		};
		EAAC91EB20E4A0D8003A73DB /* Resources */ = {
			isa = PBXResourcesBuildPhase;
			buildActionMask = 2147483647;
			files = (
			);
			runOnlyForDeploymentPostprocessing = 0;
		};
/* End PBXResourcesBuildPhase section */

/* Begin PBXSourcesBuildPhase section */
		EAAC91CA20E4A0C7003A73DB /* Sources */ = {
			isa = PBXSourcesBuildPhase;
			buildActionMask = 2147483647;
			files = (
				EAAC920020E4A4DD003A73DB /* GameScene.swift in Sources */,
				EAAC91D420E4A0C7003A73DB /* ViewController.swift in Sources */,
				EAAC91D220E4A0C7003A73DB /* AppDelegate.swift in Sources */,
			);
			runOnlyForDeploymentPostprocessing = 0;
		};
		EAAC91DE20E4A0D8003A73DB /* Sources */ = {
			isa = PBXSourcesBuildPhase;
			buildActionMask = 2147483647;
			files = (
				EAAC91E720E4A0D8003A73DB /* FlappyBirdTests.swift in Sources */,
			);
			runOnlyForDeploymentPostprocessing = 0;
		};
		EAAC91E920E4A0D8003A73DB /* Sources */ = {
			isa = PBXSourcesBuildPhase;
			buildActionMask = 2147483647;
			files = (
				EAAC91F220E4A0D8003A73DB /* FlappyBirdUITests.swift in Sources */,
			);
			runOnlyForDeploymentPostprocessing = 0;
		};
/* End PBXSourcesBuildPhase section */

/* Begin PBXTargetDependency section */
		EAAC91E420E4A0D8003A73DB /* PBXTargetDependency */ = {
			isa = PBXTargetDependency;
			target = EAAC91CD20E4A0C7003A73DB /* FlappyBird */;
			targetProxy = EAAC91E320E4A0D8003A73DB /* PBXContainerItemProxy */;
		};
		EAAC91EF20E4A0D8003A73DB /* PBXTargetDependency */ = {
			isa = PBXTargetDependency;
			target = EAAC91CD20E4A0C7003A73DB /* FlappyBird */;
			targetProxy = EAAC91EE20E4A0D8003A73DB /* PBXContainerItemProxy */;
		};
/* End PBXTargetDependency section */

/* Begin PBXVariantGroup section */
		EAAC91D520E4A0C7003A73DB /* Main.storyboard */ = {
			isa = PBXVariantGroup;
			children = (
				EAAC91D620E4A0C7003A73DB /* Base */,
			);
			name = Main.storyboard;
			sourceTree = "<group>";
		};
		EAAC91DA20E4A0D7003A73DB /* LaunchScreen.storyboard */ = {
			isa = PBXVariantGroup;
			children = (
				EAAC91DB20E4A0D7003A73DB /* Base */,
			);
			name = LaunchScreen.storyboard;
			sourceTree = "<group>";
		};
/* End PBXVariantGroup section */

/* Begin XCBuildConfiguration section */
		EAAC91F420E4A0D8003A73DB /* Debug */ = {
			isa = XCBuildConfiguration;
			buildSettings = {
				ALWAYS_SEARCH_USER_PATHS = NO;
				CLANG_ANALYZER_NONNULL = YES;
				CLANG_ANALYZER_NUMBER_OBJECT_CONVERSION = YES_AGGRESSIVE;
				CLANG_CXX_LANGUAGE_STANDARD = "gnu++14";
				CLANG_CXX_LIBRARY = "libc++";
				CLANG_ENABLE_MODULES = YES;
				CLANG_ENABLE_OBJC_ARC = YES;
				CLANG_ENABLE_OBJC_WEAK = YES;
				CLANG_WARN_BLOCK_CAPTURE_AUTORELEASING = YES;
				CLANG_WARN_BOOL_CONVERSION = YES;
				CLANG_WARN_COMMA = YES;
				CLANG_WARN_CONSTANT_CONVERSION = YES;
				CLANG_WARN_DEPRECATED_OBJC_IMPLEMENTATIONS = YES;
				CLANG_WARN_DIRECT_OBJC_ISA_USAGE = YES_ERROR;
				CLANG_WARN_DOCUMENTATION_COMMENTS = YES;
				CLANG_WARN_EMPTY_BODY = YES;
				CLANG_WARN_ENUM_CONVERSION = YES;
				CLANG_WARN_INFINITE_RECURSION = YES;
				CLANG_WARN_INT_CONVERSION = YES;
				CLANG_WARN_NON_LITERAL_NULL_CONVERSION = YES;
				CLANG_WARN_OBJC_IMPLICIT_RETAIN_SELF = YES;
				CLANG_WARN_OBJC_LITERAL_CONVERSION = YES;
				CLANG_WARN_OBJC_ROOT_CLASS = YES_ERROR;
				CLANG_WARN_RANGE_LOOP_ANALYSIS = YES;
				CLANG_WARN_STRICT_PROTOTYPES = YES;
				CLANG_WARN_SUSPICIOUS_MOVE = YES;
				CLANG_WARN_UNGUARDED_AVAILABILITY = YES_AGGRESSIVE;
				CLANG_WARN_UNREACHABLE_CODE = YES;
				CLANG_WARN__DUPLICATE_METHOD_MATCH = YES;
				CODE_SIGN_IDENTITY = "iPhone Developer";
				COPY_PHASE_STRIP = NO;
				DEBUG_INFORMATION_FORMAT = dwarf;
				ENABLE_STRICT_OBJC_MSGSEND = YES;
				ENABLE_TESTABILITY = YES;
				GCC_C_LANGUAGE_STANDARD = gnu11;
				GCC_DYNAMIC_NO_PIC = NO;
				GCC_NO_COMMON_BLOCKS = YES;
				GCC_OPTIMIZATION_LEVEL = 0;
				GCC_PREPROCESSOR_DEFINITIONS = (
					"DEBUG=1",
					"$(inherited)",
				);
				GCC_WARN_64_TO_32_BIT_CONVERSION = YES;
				GCC_WARN_ABOUT_RETURN_TYPE = YES_ERROR;
				GCC_WARN_UNDECLARED_SELECTOR = YES;
				GCC_WARN_UNINITIALIZED_AUTOS = YES_AGGRESSIVE;
				GCC_WARN_UNUSED_FUNCTION = YES;
				GCC_WARN_UNUSED_VARIABLE = YES;
				IPHONEOS_DEPLOYMENT_TARGET = 11.3;
				MTL_ENABLE_DEBUG_INFO = YES;
				ONLY_ACTIVE_ARCH = YES;
				SDKROOT = iphoneos;
				SWIFT_ACTIVE_COMPILATION_CONDITIONS = DEBUG;
				SWIFT_OPTIMIZATION_LEVEL = "-Onone";
			};
			name = Debug;
		};
		EAAC91F520E4A0D8003A73DB /* Release */ = {
			isa = XCBuildConfiguration;
			buildSettings = {
				ALWAYS_SEARCH_USER_PATHS = NO;
				CLANG_ANALYZER_NONNULL = YES;
				CLANG_ANALYZER_NUMBER_OBJECT_CONVERSION = YES_AGGRESSIVE;
				CLANG_CXX_LANGUAGE_STANDARD = "gnu++14";
				CLANG_CXX_LIBRARY = "libc++";
				CLANG_ENABLE_MODULES = YES;
				CLANG_ENABLE_OBJC_ARC = YES;
				CLANG_ENABLE_OBJC_WEAK = YES;
				CLANG_WARN_BLOCK_CAPTURE_AUTORELEASING = YES;
				CLANG_WARN_BOOL_CONVERSION = YES;
				CLANG_WARN_COMMA = YES;
				CLANG_WARN_CONSTANT_CONVERSION = YES;
				CLANG_WARN_DEPRECATED_OBJC_IMPLEMENTATIONS = YES;
				CLANG_WARN_DIRECT_OBJC_ISA_USAGE = YES_ERROR;
				CLANG_WARN_DOCUMENTATION_COMMENTS = YES;
				CLANG_WARN_EMPTY_BODY = YES;
				CLANG_WARN_ENUM_CONVERSION = YES;
				CLANG_WARN_INFINITE_RECURSION = YES;
				CLANG_WARN_INT_CONVERSION = YES;
				CLANG_WARN_NON_LITERAL_NULL_CONVERSION = YES;
				CLANG_WARN_OBJC_IMPLICIT_RETAIN_SELF = YES;
				CLANG_WARN_OBJC_LITERAL_CONVERSION = YES;
				CLANG_WARN_OBJC_ROOT_CLASS = YES_ERROR;
				CLANG_WARN_RANGE_LOOP_ANALYSIS = YES;
				CLANG_WARN_STRICT_PROTOTYPES = YES;
				CLANG_WARN_SUSPICIOUS_MOVE = YES;
				CLANG_WARN_UNGUARDED_AVAILABILITY = YES_AGGRESSIVE;
				CLANG_WARN_UNREACHABLE_CODE = YES;
				CLANG_WARN__DUPLICATE_METHOD_MATCH = YES;
				CODE_SIGN_IDENTITY = "iPhone Developer";
				COPY_PHASE_STRIP = NO;
				DEBUG_INFORMATION_FORMAT = "dwarf-with-dsym";
				ENABLE_NS_ASSERTIONS = NO;
				ENABLE_STRICT_OBJC_MSGSEND = YES;
				GCC_C_LANGUAGE_STANDARD = gnu11;
				GCC_NO_COMMON_BLOCKS = YES;
				GCC_WARN_64_TO_32_BIT_CONVERSION = YES;
				GCC_WARN_ABOUT_RETURN_TYPE = YES_ERROR;
				GCC_WARN_UNDECLARED_SELECTOR = YES;
				GCC_WARN_UNINITIALIZED_AUTOS = YES_AGGRESSIVE;
				GCC_WARN_UNUSED_FUNCTION = YES;
				GCC_WARN_UNUSED_VARIABLE = YES;
				IPHONEOS_DEPLOYMENT_TARGET = 11.3;
				MTL_ENABLE_DEBUG_INFO = NO;
				SDKROOT = iphoneos;
				SWIFT_COMPILATION_MODE = wholemodule;
				SWIFT_OPTIMIZATION_LEVEL = "-O";
				VALIDATE_PRODUCT = YES;
			};
			name = Release;
		};
		EAAC91F720E4A0D8003A73DB /* Debug */ = {
			isa = XCBuildConfiguration;
			buildSettings = {
				ASSETCATALOG_COMPILER_APPICON_NAME = AppIcon;
				CODE_SIGN_STYLE = Automatic;
				INFOPLIST_FILE = FlappyBird/Info.plist;
				LD_RUNPATH_SEARCH_PATHS = (
					"$(inherited)",
					"@executable_path/Frameworks",
				);
				PRODUCT_BUNDLE_IDENTIFIER = jp.techacademy.shingo.nishijima.FlappyBird;
				PRODUCT_NAME = "$(TARGET_NAME)";
				SWIFT_VERSION = 4.0;
				TARGETED_DEVICE_FAMILY = 1;
			};
			name = Debug;
		};
		EAAC91F820E4A0D8003A73DB /* Release */ = {
			isa = XCBuildConfiguration;
			buildSettings = {
				ASSETCATALOG_COMPILER_APPICON_NAME = AppIcon;
				CODE_SIGN_STYLE = Automatic;
				INFOPLIST_FILE = FlappyBird/Info.plist;
				LD_RUNPATH_SEARCH_PATHS = (
					"$(inherited)",
					"@executable_path/Frameworks",
				);
				PRODUCT_BUNDLE_IDENTIFIER = jp.techacademy.shingo.nishijima.FlappyBird;
				PRODUCT_NAME = "$(TARGET_NAME)";
				SWIFT_VERSION = 4.0;
				TARGETED_DEVICE_FAMILY = 1;
			};
			name = Release;
		};
		EAAC91FA20E4A0D8003A73DB /* Debug */ = {
			isa = XCBuildConfiguration;
			buildSettings = {
				ALWAYS_EMBED_SWIFT_STANDARD_LIBRARIES = YES;
				BUNDLE_LOADER = "$(TEST_HOST)";
				CODE_SIGN_STYLE = Automatic;
				INFOPLIST_FILE = FlappyBirdTests/Info.plist;
				LD_RUNPATH_SEARCH_PATHS = (
					"$(inherited)",
					"@executable_path/Frameworks",
					"@loader_path/Frameworks",
				);
				PRODUCT_BUNDLE_IDENTIFIER = jp.techacademy.shingo.nishijima.FlappyBirdTests;
				PRODUCT_NAME = "$(TARGET_NAME)";
				SWIFT_VERSION = 4.0;
				TARGETED_DEVICE_FAMILY = "1,2";
				TEST_HOST = "$(BUILT_PRODUCTS_DIR)/FlappyBird.app/FlappyBird";
			};
			name = Debug;
		};
		EAAC91FB20E4A0D8003A73DB /* Release */ = {
			isa = XCBuildConfiguration;
			buildSettings = {
				ALWAYS_EMBED_SWIFT_STANDARD_LIBRARIES = YES;
				BUNDLE_LOADER = "$(TEST_HOST)";
				CODE_SIGN_STYLE = Automatic;
				INFOPLIST_FILE = FlappyBirdTests/Info.plist;
				LD_RUNPATH_SEARCH_PATHS = (
					"$(inherited)",
					"@executable_path/Frameworks",
					"@loader_path/Frameworks",
				);
				PRODUCT_BUNDLE_IDENTIFIER = jp.techacademy.shingo.nishijima.FlappyBirdTests;
				PRODUCT_NAME = "$(TARGET_NAME)";
				SWIFT_VERSION = 4.0;
				TARGETED_DEVICE_FAMILY = "1,2";
				TEST_HOST = "$(BUILT_PRODUCTS_DIR)/FlappyBird.app/FlappyBird";
			};
			name = Release;
		};
		EAAC91FD20E4A0D8003A73DB /* Debug */ = {
			isa = XCBuildConfiguration;
			buildSettings = {
				ALWAYS_EMBED_SWIFT_STANDARD_LIBRARIES = YES;
				CODE_SIGN_STYLE = Automatic;
				INFOPLIST_FILE = FlappyBirdUITests/Info.plist;
				LD_RUNPATH_SEARCH_PATHS = (
					"$(inherited)",
					"@executable_path/Frameworks",
					"@loader_path/Frameworks",
				);
				PRODUCT_BUNDLE_IDENTIFIER = jp.techacademy.shingo.nishijima.FlappyBirdUITests;
				PRODUCT_NAME = "$(TARGET_NAME)";
				SWIFT_VERSION = 4.0;
				TARGETED_DEVICE_FAMILY = "1,2";
				TEST_TARGET_NAME = FlappyBird;
			};
			name = Debug;
		};
		EAAC91FE20E4A0D8003A73DB /* Release */ = {
			isa = XCBuildConfiguration;
			buildSettings = {
				ALWAYS_EMBED_SWIFT_STANDARD_LIBRARIES = YES;
				CODE_SIGN_STYLE = Automatic;
				INFOPLIST_FILE = FlappyBirdUITests/Info.plist;
				LD_RUNPATH_SEARCH_PATHS = (
					"$(inherited)",
					"@executable_path/Frameworks",
					"@loader_path/Frameworks",
				);
				PRODUCT_BUNDLE_IDENTIFIER = jp.techacademy.shingo.nishijima.FlappyBirdUITests;
				PRODUCT_NAME = "$(TARGET_NAME)";
				SWIFT_VERSION = 4.0;
				TARGETED_DEVICE_FAMILY = "1,2";
				TEST_TARGET_NAME = FlappyBird;
			};
			name = Release;
		};
/* End XCBuildConfiguration section */

/* Begin XCConfigurationList section */
		EAAC91C920E4A0C7003A73DB /* Build configuration list for PBXProject "FlappyBird" */ = {
			isa = XCConfigurationList;
			buildConfigurations = (
				EAAC91F420E4A0D8003A73DB /* Debug */,
				EAAC91F520E4A0D8003A73DB /* Release */,
			);
			defaultConfigurationIsVisible = 0;
			defaultConfigurationName = Release;
		};
		EAAC91F620E4A0D8003A73DB /* Build configuration list for PBXNativeTarget "FlappyBird" */ = {
			isa = XCConfigurationList;
			buildConfigurations = (
				EAAC91F720E4A0D8003A73DB /* Debug */,
				EAAC91F820E4A0D8003A73DB /* Release */,
			);
			defaultConfigurationIsVisible = 0;
			defaultConfigurationName = Release;
		};
		EAAC91F920E4A0D8003A73DB /* Build configuration list for PBXNativeTarget "FlappyBirdTests" */ = {
			isa = XCConfigurationList;
			buildConfigurations = (
				EAAC91FA20E4A0D8003A73DB /* Debug */,
				EAAC91FB20E4A0D8003A73DB /* Release */,
			);
			defaultConfigurationIsVisible = 0;
			defaultConfigurationName = Release;
		};
		EAAC91FC20E4A0D8003A73DB /* Build configuration list for PBXNativeTarget "FlappyBirdUITests" */ = {
			isa = XCConfigurationList;
			buildConfigurations = (
				EAAC91FD20E4A0D8003A73DB /* Debug */,
				EAAC91FE20E4A0D8003A73DB /* Release */,
			);
			defaultConfigurationIsVisible = 0;
			defaultConfigurationName = Release;
		};
/* End XCConfigurationList section */
	};
	rootObject = EAAC91C620E4A0C6003A73DB /* Project object */;
}
